
Microsoft Visual Studio Solution File, Format Version 11.00
# Visual Studio 2010
Project("{FAE04EC0-301F-11D3-BF4B-00C04F79EFBC}") = "libcpuid", "libcpuid\libcpuid.csproj", "{4037975B-4BDE-4F57-AB38-C39B81C21433}"
EndProject
Project("{FAE04EC0-301F-11D3-BF4B-00C04F79EFBC}") = "CpuId", "CpuId\CpuId.csproj", "{5A58B691-36D5-4B14-A141-36B21EF20CE2}"
EndProject
Global
	GlobalSection(SolutionConfigurationPlatforms) = preSolution
		Debug|Any CPU = Debug|Any CPU
		Release|Any CPU = Release|Any CPU
	EndGlobalSection
	GlobalSection(ProjectConfigurationPlatforms) = postSolution
		{4037975B-4BDE-4F57-AB38-C39B81C21433}.Debug|Any CPU.ActiveCfg = Debug|Any CPU
		{4037975B-4BDE-4F57-AB38-C39B81C21433}.Debug|Any CPU.Build.0 = Debug|Any CPU
		{4037975B-4BDE-4F57-AB38-C39B81C21433}.Release|Any CPU.ActiveCfg = Release|Any CPU
		{4037975B-4BDE-4F57-AB38-C39B81C21433}.Release|Any CPU.Build.0 = Release|Any CPU
		{5A58B691-36D5-4B14-A141-36B21EF20CE2}.Debug|Any CPU.ActiveCfg = Debug|Any CPU
		{5A58B691-36D5-4B14-A141-36B21EF20CE2}.Debug|Any CPU.Build.0 = Debug|Any CPU
		{5A58B691-36D5-4B14-A141-36B21EF20CE2}.Release|Any CPU.ActiveCfg = Release|Any CPU
		{5A58B691-36D5-4B14-A141-36B21EF20CE2}.Release|Any CPU.Build.0 = Release|Any CPU
	EndGlobalSection
	GlobalSection(MonoDevelopProperties) = preSolution
		StartupItem = libcpuid\libcpuid.csproj
	EndGlobalSection
EndGlobal
